{
  "name": "lodash-cli",
  "version": "3.0.0-pre",
  "dependencies": {
    "closure-compiler": {
      "version": "0.2.6",
      "from": "closure-compiler@0.2.6",
      "resolved": "https://registry.npmjs.org/closure-compiler/-/closure-compiler-0.2.6.tgz"
    },
    "glob": {
      "version": "3.2.11",
      "from": "glob@~3.2.11",
      "resolved": "https://registry.npmjs.org/glob/-/glob-3.2.11.tgz",
      "dependencies": {
        "inherits": {
          "version": "2.0.1",
          "from": "inherits@2"
        },
        "minimatch": {
          "version": "0.3.0",
          "from": "minimatch@0.3",
          "resolved": "https://registry.npmjs.org/minimatch/-/minimatch-0.3.0.tgz",
          "dependencies": {
            "lru-cache": {
              "version": "2.5.0",
              "from": "lru-cache@2"
            },
            "sigmund": {
              "version": "1.0.0",
              "from": "sigmund@~1.0.0"
            }
          }
        }
      }
    },
    "lodash": {
      "version": "3.0.0-pre",
      "dependencies": {
        "es5-shim": {
          "version": "2.3.0",
          "from": "es5-shim@"
        },
        "chalk": {
          "version": "0.4.0",
          "from": "chalk@",
          "dependencies": {
            "has-color": {
              "version": "0.1.4",
              "from": "has-color@~0.1.0"
            },
            "ansi-styles": {
              "version": "1.0.0",
              "from": "ansi-styles@~1.0.0"
            },
            "strip-ansi": {
              "version": "0.1.1",
              "from": "strip-ansi@~0.1.0"
            }
          }
        },
        "ecstatic": {
          "version": "0.4.13",
          "from": "ecstatic@~0.4.0",
          "dependencies": {
            "mime": {
              "version": "1.2.11",
              "from": "mime@1.2.x"
            },
            "ent": {
              "version": "0.0.7",
              "from": "ent@0.0.x"
            },
            "optimist": {
              "version": "0.3.7",
              "from": "optimist@~0.3.5",
              "dependencies": {
                "wordwrap": {
                  "version": "0.0.2",
                  "from": "wordwrap@~0.0.2"
                }
              }
            }
          }
        },
        "request": {
          "version": "2.33.0",
          "from": "request@~2.33.0",
          "dependencies": {
            "qs": {
              "version": "0.6.6",
              "from": "qs@~0.6.0"
            },
            "json-stringify-safe": {
              "version": "5.0.0",
              "from": "json-stringify-safe@~5.0.0"
            },
            "forever-agent": {
              "version": "0.5.2",
              "from": "forever-agent@~0.5.0",
              "resolved": "https://registry.npmjs.org/forever-agent/-/forever-agent-0.5.2.tgz"
            },
            "node-uuid": {
              "version": "1.4.1",
              "from": "node-uuid@~1.4.0"
            },
            "mime": {
              "version": "1.2.11",
              "from": "mime@1.2.x"
            },
            "tough-cookie": {
              "version": "0.12.1",
              "from": "tough-cookie@>=0.12.0",
              "resolved": "https://registry.npmjs.org/tough-cookie/-/tough-cookie-0.12.1.tgz",
              "dependencies": {
                "punycode": {
                  "version": "1.2.3",
                  "from": "punycode@>=0.2.0"
                }
              }
            },
            "form-data": {
              "version": "0.1.2",
              "from": "form-data@~0.1.0",
              "dependencies": {
                "combined-stream": {
                  "version": "0.0.4",
                  "from": "combined-stream@~0.0.4",
                  "dependencies": {
                    "delayed-stream": {
                      "version": "0.0.5",
                      "from": "delayed-stream@0.0.5",
                      "resolved": "https://registry.npmjs.org/delayed-stream/-/delayed-stream-0.0.5.tgz"
                    }
                  }
                },
                "async": {
                  "version": "0.2.10",
                  "from": "async@~0.2.9"
                }
              }
            },
            "tunnel-agent": {
              "version": "0.3.0",
              "from": "tunnel-agent@~0.3.0"
            },
            "http-signature": {
              "version": "0.10.0",
              "from": "http-signature@~0.10.0",
              "dependencies": {
                "assert-plus": {
                  "version": "0.1.2",
                  "from": "assert-plus@0.1.2",
                  "resolved": "https://registry.npmjs.org/assert-plus/-/assert-plus-0.1.2.tgz"
                },
                "asn1": {
                  "version": "0.1.11",
                  "from": "asn1@0.1.11",
                  "resolved": "https://registry.npmjs.org/asn1/-/asn1-0.1.11.tgz"
                },
                "ctype": {
                  "version": "0.5.2",
                  "from": "ctype@0.5.2",
                  "resolved": "https://registry.npmjs.org/ctype/-/ctype-0.5.2.tgz"
                }
              }
            },
            "oauth-sign": {
              "version": "0.3.0",
              "from": "oauth-sign@~0.3.0"
            },
            "hawk": {
              "version": "1.0.0",
              "from": "hawk@~1.0.0",
              "dependencies": {
                "hoek": {
                  "version": "0.9.1",
                  "from": "hoek@0.9.x"
                },
                "boom": {
                  "version": "0.4.2",
                  "from": "boom@0.4.x"
                },
                "cryptiles": {
                  "version": "0.2.2",
                  "from": "cryptiles@0.2.x"
                },
                "sntp": {
                  "version": "0.2.4",
                  "from": "sntp@0.2.x"
                }
              }
            },
            "aws-sign2": {
              "version": "0.5.0",
              "from": "aws-sign2@~0.5.0"
            }
          }
        },
        "sauce-tunnel": {
          "version": "2.0.6",
          "from": "sauce-tunnel@",
          "resolved": "https://registry.npmjs.org/sauce-tunnel/-/sauce-tunnel-2.0.6.tgz",
          "dependencies": {
            "request": {
              "version": "2.21.0",
              "from": "request@~2.21.0",
              "dependencies": {
                "qs": {
                  "version": "0.6.6",
                  "from": "qs@~0.6.0"
                },
                "json-stringify-safe": {
                  "version": "4.0.0",
                  "from": "json-stringify-safe@~4.0.0"
                },
                "forever-agent": {
                  "version": "0.5.2",
                  "from": "forever-agent@~0.5.0"
                },
                "tunnel-agent": {
                  "version": "0.3.0",
                  "from": "tunnel-agent@~0.3.0"
                },
                "http-signature": {
                  "version": "0.9.11",
                  "from": "http-signature@~0.9.11",
                  "dependencies": {
                    "assert-plus": {
                      "version": "0.1.2",
                      "from": "assert-plus@0.1.2",
                      "resolved": "https://registry.npmjs.org/assert-plus/-/assert-plus-0.1.2.tgz"
                    },
                    "asn1": {
                      "version": "0.1.11",
                      "from": "asn1@0.1.11",
                      "resolved": "https://registry.npmjs.org/asn1/-/asn1-0.1.11.tgz"
                    },
                    "ctype": {
                      "version": "0.5.2",
                      "from": "ctype@0.5.2",
                      "resolved": "https://registry.npmjs.org/ctype/-/ctype-0.5.2.tgz"
                    }
                  }
                },
                "hawk": {
                  "version": "0.13.1",
                  "from": "hawk@~0.13.0",
                  "dependencies": {
                    "hoek": {
                      "version": "0.8.5",
                      "from": "hoek@0.8.x"
                    },
                    "boom": {
                      "version": "0.4.2",
                      "from": "boom@0.4.x",
                      "dependencies": {
                        "hoek": {
                          "version": "0.9.1",
                          "from": "hoek@0.9.x"
                        }
                      }
                    },
                    "cryptiles": {
                      "version": "0.2.2",
                      "from": "cryptiles@0.2.x"
                    },
                    "sntp": {
                      "version": "0.2.4",
                      "from": "sntp@0.2.x",
                      "dependencies": {
                        "hoek": {
                          "version": "0.9.1",
                          "from": "hoek@0.9.x"
                        }
                      }
                    }
                  }
                },
                "aws-sign": {
                  "version": "0.3.0",
                  "from": "aws-sign@~0.3.0"
                },
                "oauth-sign": {
                  "version": "0.3.0",
                  "from": "oauth-sign@~0.3.0"
                },
                "cookie-jar": {
                  "version": "0.3.0",
                  "from": "cookie-jar@~0.3.0"
                },
                "node-uuid": {
                  "version": "1.4.1",
                  "from": "node-uuid@~1.4.0"
                },
                "mime": {
                  "version": "1.2.11",
                  "from": "mime@~1.2.9"
                },
                "form-data": {
                  "version": "0.0.8",
                  "from": "form-data@0.0.8",
                  "resolved": "https://registry.npmjs.org/form-data/-/form-data-0.0.8.tgz",
                  "dependencies": {
                    "combined-stream": {
                      "version": "0.0.4",
                      "from": "combined-stream@~0.0.4",
                      "dependencies": {
                        "delayed-stream": {
                          "version": "0.0.5",
                          "from": "delayed-stream@0.0.5",
                          "resolved": "https://registry.npmjs.org/delayed-stream/-/delayed-stream-0.0.5.tgz"
                        }
                      }
                    },
                    "async": {
                      "version": "0.2.10",
                      "from": "async@~0.2.7"
                    }
                  }
                }
              }
            }
          }
        }
      }
    },
    "uglify-js": {
      "version": "2.4.15",
      "from": "uglify-js@2.4.15",
      "resolved": "https://registry.npmjs.org/uglify-js/-/uglify-js-2.4.15.tgz",
      "dependencies": {
        "async": {
          "version": "0.2.10",
          "from": "async@~0.2.6"
        },
        "source-map": {
          "version": "0.1.34",
          "from": "source-map@0.1.34",
          "resolved": "https://registry.npmjs.org/source-map/-/source-map-0.1.34.tgz",
          "dependencies": {
            "amdefine": {
              "version": "0.1.0",
              "from": "amdefine@>=0.0.4"
            }
          }
        },
        "optimist": {
          "version": "0.3.7",
          "from": "optimist@~0.3.5",
          "dependencies": {
            "wordwrap": {
              "version": "0.0.2",
              "from": "wordwrap@~0.0.2"
            }
          }
        },
        "uglify-to-browserify": {
          "version": "1.0.2",
          "from": "uglify-to-browserify@~1.0.0"
        }
      }
    }
  }
}
