{
  "name": "lodash-cli",
  "version": "3.0.0-pre",
  "dependencies": {
    "closure-compiler": {
      "version": "0.2.6",
      "from": "closure-compiler@0.2.6",
      "resolved": "https://registry.npmjs.org/closure-compiler/-/closure-compiler-0.2.6.tgz"
    },
    "glob": {
      "version": "3.2.11",
      "from": "glob@~3.2.11",
      "resolved": "https://registry.npmjs.org/glob/-/glob-3.2.11.tgz",
      "dependencies": {
        "inherits": {
          "version": "2.0.1",
          "from": "inherits@2"
        },
        "minimatch": {
          "version": "0.3.0",
          "from": "minimatch@0.3",
          "resolved": "https://registry.npmjs.org/minimatch/-/minimatch-0.3.0.tgz",
          "dependencies": {
            "lru-cache": {
              "version": "2.5.0",
              "from": "lru-cache@2"
            },
            "sigmund": {
              "version": "1.0.0",
              "from": "sigmund@~1.0.0"
            }
          }
        }
      }
    },
    "lodash-compat": {
      "version": "3.0.0-pre",
      "dependencies": {
        "curl-amd": {
          "version": "0.8.12",
          "from": "curl-amd@0.8.12",
          "resolved": "https://registry.npmjs.org/curl-amd/-/curl-amd-0.8.12.tgz"
        },
        "dojo": {
          "version": "1.10.2",
          "from": "dojo@>=1.10.2 <1.11.0",
          "resolved": "https://registry.npmjs.org/dojo/-/dojo-1.10.2.tgz"
        },
        "jquery": {
          "version": "1.11.2",
          "from": "jquery@>=1.11.1 <1.12.0",
          "resolved": "https://registry.npmjs.org/jquery/-/jquery-1.11.2.tgz"
        },
        "platform": {
          "version": "1.3.0",
          "from": "platform@>=1.3.0 <1.4.0",
          "resolved": "https://registry.npmjs.org/platform/-/platform-1.3.0.tgz"
        },
        "qunit-extras": {
          "version": "1.4.0",
          "from": "qunit-extras@>=1.4.0 <1.5.0",
          "resolved": "https://registry.npmjs.org/qunit-extras/-/qunit-extras-1.4.0.tgz"
        },
        "qunitjs": {
          "version": "1.16.0",
          "from": "qunitjs@>=1.16.0 <1.17.0",
          "resolved": "https://registry.npmjs.org/qunitjs/-/qunitjs-1.16.0.tgz"
        },
        "requirejs": {
          "version": "2.1.15",
          "from": "requirejs@>=2.1.15 <2.2.0",
          "resolved": "https://registry.npmjs.org/requirejs/-/requirejs-2.1.15.tgz"
        }
      }
    },
    "uglify-js": {
      "version": "2.4.15",
      "from": "uglify-js@2.4.15",
      "resolved": "https://registry.npmjs.org/uglify-js/-/uglify-js-2.4.15.tgz",
      "dependencies": {
        "async": {
          "version": "0.2.10",
          "from": "async@~0.2.6"
        },
        "source-map": {
          "version": "0.1.34",
          "from": "source-map@0.1.34",
          "resolved": "https://registry.npmjs.org/source-map/-/source-map-0.1.34.tgz",
          "dependencies": {
            "amdefine": {
              "version": "0.1.0",
              "from": "amdefine@>=0.0.4"
            }
          }
        },
        "optimist": {
          "version": "0.3.7",
          "from": "optimist@~0.3.5",
          "dependencies": {
            "wordwrap": {
              "version": "0.0.2",
              "from": "wordwrap@~0.0.2"
            }
          }
        },
        "uglify-to-browserify": {
          "version": "1.0.2",
          "from": "uglify-to-browserify@~1.0.0"
        }
      }
    }
  }
}
