{
  "name": "lodash-cli",
  "version": "4.17.5",
  "dependencies": {
    "closure-compiler": {
      "version": "0.2.12",
      "from": "https://registry.npmjs.org/closure-compiler/-/closure-compiler-0.2.12.tgz",
      "resolved": "https://registry.npmjs.org/closure-compiler/-/closure-compiler-0.2.12.tgz",
      "dependencies": {
        "google-closure-compiler": {
          "version": "20150901.0.0",
          "from": "https://registry.npmjs.org/google-closure-compiler/-/google-closure-compiler-20150901.0.0.tgz",
          "resolved": "https://registry.npmjs.org/google-closure-compiler/-/google-closure-compiler-20150901.0.0.tgz"
        }
      }
    },
    "glob": {
      "version": "7.1.1",
      "from": "https://registry.npmjs.org/glob/-/glob-7.1.1.tgz",
      "resolved": "https://registry.npmjs.org/glob/-/glob-7.1.1.tgz",
      "dependencies": {
        "fs.realpath": {
          "version": "1.0.0",
          "from": "https://registry.npmjs.org/fs.realpath/-/fs.realpath-1.0.0.tgz",
          "resolved": "https://registry.npmjs.org/fs.realpath/-/fs.realpath-1.0.0.tgz"
        },
        "inflight": {
          "version": "1.0.6",
          "from": "https://registry.npmjs.org/inflight/-/inflight-1.0.6.tgz",
          "resolved": "https://registry.npmjs.org/inflight/-/inflight-1.0.6.tgz",
          "dependencies": {
            "wrappy": {
              "version": "1.0.2",
              "from": "https://registry.npmjs.org/wrappy/-/wrappy-1.0.2.tgz",
              "resolved": "https://registry.npmjs.org/wrappy/-/wrappy-1.0.2.tgz"
            }
          }
        },
        "inherits": {
          "version": "2.0.3",
          "from": "https://registry.npmjs.org/inherits/-/inherits-2.0.3.tgz",
          "resolved": "https://registry.npmjs.org/inherits/-/inherits-2.0.3.tgz"
        },
        "minimatch": {
          "version": "3.0.3",
          "from": "https://registry.npmjs.org/minimatch/-/minimatch-3.0.3.tgz",
          "resolved": "https://registry.npmjs.org/minimatch/-/minimatch-3.0.3.tgz",
          "dependencies": {
            "brace-expansion": {
              "version": "1.1.6",
              "from": "https://registry.npmjs.org/brace-expansion/-/brace-expansion-1.1.6.tgz",
              "resolved": "https://registry.npmjs.org/brace-expansion/-/brace-expansion-1.1.6.tgz",
              "dependencies": {
                "balanced-match": {
                  "version": "0.4.2",
                  "from": "https://registry.npmjs.org/balanced-match/-/balanced-match-0.4.2.tgz",
                  "resolved": "https://registry.npmjs.org/balanced-match/-/balanced-match-0.4.2.tgz"
                },
                "concat-map": {
                  "version": "0.0.1",
                  "from": "https://registry.npmjs.org/concat-map/-/concat-map-0.0.1.tgz",
                  "resolved": "https://registry.npmjs.org/concat-map/-/concat-map-0.0.1.tgz"
                }
              }
            }
          }
        },
        "once": {
          "version": "1.4.0",
          "from": "https://registry.npmjs.org/once/-/once-1.4.0.tgz",
          "resolved": "https://registry.npmjs.org/once/-/once-1.4.0.tgz",
          "dependencies": {
            "wrappy": {
              "version": "1.0.2",
              "from": "https://registry.npmjs.org/wrappy/-/wrappy-1.0.2.tgz",
              "resolved": "https://registry.npmjs.org/wrappy/-/wrappy-1.0.2.tgz"
            }
          }
        },
        "path-is-absolute": {
          "version": "1.0.1",
          "from": "https://registry.npmjs.org/path-is-absolute/-/path-is-absolute-1.0.1.tgz",
          "resolved": "https://registry.npmjs.org/path-is-absolute/-/path-is-absolute-1.0.1.tgz"
        }
      }
    },
    "lodash": {
      "version": "4.17.5"
    },
    "semver": {
      "version": "5.3.0",
      "from": "https://registry.npmjs.org/semver/-/semver-5.3.0.tgz",
      "resolved": "https://registry.npmjs.org/semver/-/semver-5.3.0.tgz"
    },
    "uglify-js": {
      "version": "2.7.5",
      "from": "https://registry.npmjs.org/uglify-js/-/uglify-js-2.7.5.tgz",
      "resolved": "https://registry.npmjs.org/uglify-js/-/uglify-js-2.7.5.tgz",
      "dependencies": {
        "async": {
          "version": "0.2.10",
          "from": "https://registry.npmjs.org/async/-/async-0.2.10.tgz",
          "resolved": "https://registry.npmjs.org/async/-/async-0.2.10.tgz"
        },
        "source-map": {
          "version": "0.5.6",
          "from": "https://registry.npmjs.org/source-map/-/source-map-0.5.6.tgz",
          "resolved": "https://registry.npmjs.org/source-map/-/source-map-0.5.6.tgz"
        },
        "uglify-to-browserify": {
          "version": "1.0.2",
          "from": "https://registry.npmjs.org/uglify-to-browserify/-/uglify-to-browserify-1.0.2.tgz",
          "resolved": "https://registry.npmjs.org/uglify-to-browserify/-/uglify-to-browserify-1.0.2.tgz"
        },
        "yargs": {
          "version": "3.10.0",
          "from": "https://registry.npmjs.org/yargs/-/yargs-3.10.0.tgz",
          "resolved": "https://registry.npmjs.org/yargs/-/yargs-3.10.0.tgz",
          "dependencies": {
            "camelcase": {
              "version": "1.2.1",
              "from": "https://registry.npmjs.org/camelcase/-/camelcase-1.2.1.tgz",
              "resolved": "https://registry.npmjs.org/camelcase/-/camelcase-1.2.1.tgz"
            },
            "cliui": {
              "version": "2.1.0",
              "from": "https://registry.npmjs.org/cliui/-/cliui-2.1.0.tgz",
              "resolved": "https://registry.npmjs.org/cliui/-/cliui-2.1.0.tgz",
              "dependencies": {
                "center-align": {
                  "version": "0.1.3",
                  "from": "https://registry.npmjs.org/center-align/-/center-align-0.1.3.tgz",
                  "resolved": "https://registry.npmjs.org/center-align/-/center-align-0.1.3.tgz",
                  "dependencies": {
                    "align-text": {
                      "version": "0.1.4",
                      "from": "https://registry.npmjs.org/align-text/-/align-text-0.1.4.tgz",
                      "resolved": "https://registry.npmjs.org/align-text/-/align-text-0.1.4.tgz",
                      "dependencies": {
                        "kind-of": {
                          "version": "3.1.0",
                          "from": "https://registry.npmjs.org/kind-of/-/kind-of-3.1.0.tgz",
                          "resolved": "https://registry.npmjs.org/kind-of/-/kind-of-3.1.0.tgz",
                          "dependencies": {
                            "is-buffer": {
                              "version": "1.1.4",
                              "from": "https://registry.npmjs.org/is-buffer/-/is-buffer-1.1.4.tgz",
                              "resolved": "https://registry.npmjs.org/is-buffer/-/is-buffer-1.1.4.tgz"
                            }
                          }
                        },
                        "longest": {
                          "version": "1.0.1",
                          "from": "https://registry.npmjs.org/longest/-/longest-1.0.1.tgz",
                          "resolved": "https://registry.npmjs.org/longest/-/longest-1.0.1.tgz"
                        },
                        "repeat-string": {
                          "version": "1.6.1",
                          "from": "https://registry.npmjs.org/repeat-string/-/repeat-string-1.6.1.tgz",
                          "resolved": "https://registry.npmjs.org/repeat-string/-/repeat-string-1.6.1.tgz"
                        }
                      }
                    },
                    "lazy-cache": {
                      "version": "1.0.4",
                      "from": "https://registry.npmjs.org/lazy-cache/-/lazy-cache-1.0.4.tgz",
                      "resolved": "https://registry.npmjs.org/lazy-cache/-/lazy-cache-1.0.4.tgz"
                    }
                  }
                },
                "right-align": {
                  "version": "0.1.3",
                  "from": "https://registry.npmjs.org/right-align/-/right-align-0.1.3.tgz",
                  "resolved": "https://registry.npmjs.org/right-align/-/right-align-0.1.3.tgz",
                  "dependencies": {
                    "align-text": {
                      "version": "0.1.4",
                      "from": "https://registry.npmjs.org/align-text/-/align-text-0.1.4.tgz",
                      "resolved": "https://registry.npmjs.org/align-text/-/align-text-0.1.4.tgz",
                      "dependencies": {
                        "kind-of": {
                          "version": "3.1.0",
                          "from": "https://registry.npmjs.org/kind-of/-/kind-of-3.1.0.tgz",
                          "resolved": "https://registry.npmjs.org/kind-of/-/kind-of-3.1.0.tgz",
                          "dependencies": {
                            "is-buffer": {
                              "version": "1.1.4",
                              "from": "https://registry.npmjs.org/is-buffer/-/is-buffer-1.1.4.tgz",
                              "resolved": "https://registry.npmjs.org/is-buffer/-/is-buffer-1.1.4.tgz"
                            }
                          }
                        },
                        "longest": {
                          "version": "1.0.1",
                          "from": "https://registry.npmjs.org/longest/-/longest-1.0.1.tgz",
                          "resolved": "https://registry.npmjs.org/longest/-/longest-1.0.1.tgz"
                        },
                        "repeat-string": {
                          "version": "1.6.1",
                          "from": "https://registry.npmjs.org/repeat-string/-/repeat-string-1.6.1.tgz",
                          "resolved": "https://registry.npmjs.org/repeat-string/-/repeat-string-1.6.1.tgz"
                        }
                      }
                    }
                  }
                },
                "wordwrap": {
                  "version": "0.0.2",
                  "from": "https://registry.npmjs.org/wordwrap/-/wordwrap-0.0.2.tgz",
                  "resolved": "https://registry.npmjs.org/wordwrap/-/wordwrap-0.0.2.tgz"
                }
              }
            },
            "decamelize": {
              "version": "1.2.0",
              "from": "https://registry.npmjs.org/decamelize/-/decamelize-1.2.0.tgz",
              "resolved": "https://registry.npmjs.org/decamelize/-/decamelize-1.2.0.tgz"
            },
            "window-size": {
              "version": "0.1.0",
              "from": "https://registry.npmjs.org/window-size/-/window-size-0.1.0.tgz",
              "resolved": "https://registry.npmjs.org/window-size/-/window-size-0.1.0.tgz"
            }
          }
        }
      }
    }
  }
}
